// !$*UTF8*$!
{
	archiveVersion = 1;
	classes = {
	};
	objectVersion = 46;
	objects = {

/* Begin PBXBuildFile section */
		049132251C80044A00502A35 /* AppDelegate.swift in Sources */ = {isa = PBXBuildFile; fileRef = 049132241C80044A00502A35 /* AppDelegate.swift */; };
		049132271C80044A00502A35 /* ViewController.swift in Sources */ = {isa = PBXBuildFile; fileRef = 049132261C80044A00502A35 /* ViewController.swift */; };
		0491322A1C80044B00502A35 /* Main.storyboard in Resources */ = {isa = PBXBuildFile; fileRef = 049132281C80044B00502A35 /* Main.storyboard */; };
		0491322D1C80044B00502A35 /* PlistTable.xcdatamodeld in Sources */ = {isa = PBXBuildFile; fileRef = 0491322B1C80044B00502A35 /* PlistTable.xcdatamodeld */; };
		0491322F1C80044B00502A35 /* Assets.xcassets in Resources */ = {isa = PBXBuildFile; fileRef = 0491322E1C80044B00502A35 /* Assets.xcassets */; };
		049132321C80044B00502A35 /* LaunchScreen.storyboard in Resources */ = {isa = PBXBuildFile; fileRef = 049132301C80044B00502A35 /* LaunchScreen.storyboard */; };
		0491323A1C80073D00502A35 /* detailViewController.swift in Sources */ = {isa = PBXBuildFile; fileRef = 049132391C80073D00502A35 /* detailViewController.swift */; };
		0491323C1C800C1700502A35 /* name.plist in Resources */ = {isa = PBXBuildFile; fileRef = 0491323B1C800C1700502A35 /* name.plist */; };
		0491323E1C800C6F00502A35 /* name.swift in Sources */ = {isa = PBXBuildFile; fileRef = 0491323D1C800C6F00502A35 /* name.swift */; };
/* End PBXBuildFile section */

/* Begin PBXFileReference section */
		049132211C80044900502A35 /* PlistTable.app */ = {isa = PBXFileReference; explicitFileType = wrapper.application; includeInIndex = 0; path = PlistTable.app; sourceTree = BUILT_PRODUCTS_DIR; };
		049132241C80044A00502A35 /* AppDelegate.swift */ = {isa = PBXFileReference; lastKnownFileType = sourcecode.swift; path = AppDelegate.swift; sourceTree = "<group>"; };
		049132261C80044A00502A35 /* ViewController.swift */ = {isa = PBXFileReference; lastKnownFileType = sourcecode.swift; path = ViewController.swift; sourceTree = "<group>"; };
		049132291C80044B00502A35 /* Base */ = {isa = PBXFileReference; lastKnownFileType = file.storyboard; name = Base; path = Base.lproj/Main.storyboard; sourceTree = "<group>"; };
		0491322C1C80044B00502A35 /* PlistTable.xcdatamodel */ = {isa = PBXFileReference; lastKnownFileType = wrapper.xcdatamodel; path = PlistTable.xcdatamodel; sourceTree = "<group>"; };
		0491322E1C80044B00502A35 /* Assets.xcassets */ = {isa = PBXFileReference; lastKnownFileType = folder.assetcatalog; path = Assets.xcassets; sourceTree = "<group>"; };
		049132311C80044B00502A35 /* Base */ = {isa = PBXFileReference; lastKnownFileType = file.storyboard; name = Base; path = Base.lproj/LaunchScreen.storyboard; sourceTree = "<group>"; };
		049132331C80044B00502A35 /* Info.plist */ = {isa = PBXFileReference; lastKnownFileType = text.plist.xml; path = Info.plist; sourceTree = "<group>"; };
		049132391C80073D00502A35 /* detailViewController.swift */ = {isa = PBXFileReference; fileEncoding = 4; lastKnownFileType = sourcecode.swift; path = detailViewController.swift; sourceTree = "<group>"; };
		0491323B1C800C1700502A35 /* name.plist */ = {isa = PBXFileReference; fileEncoding = 4; lastKnownFileType = text.plist.xml; path = name.plist; sourceTree = "<group>"; };
		0491323D1C800C6F00502A35 /* name.swift */ = {isa = PBXFileReference; fileEncoding = 4; lastKnownFileType = sourcecode.swift; path = name.swift; sourceTree = "<group>"; };
/* End PBXFileReference section */

/* Begin PBXFrameworksBuildPhase section */
		0491321E1C80044900502A35 /* Frameworks */ = {
			isa = PBXFrameworksBuildPhase;
			buildActionMask = 2147483647;
			files = (
			);
			runOnlyForDeploymentPostprocessing = 0;
		};
/* End PBXFrameworksBuildPhase section */

/* Begin PBXGroup section */
		049132181C80044800502A35 = {
			isa = PBXGroup;
			children = (
				049132231C80044900502A35 /* PlistTable */,
				049132221C80044900502A35 /* Products */,
			);
			sourceTree = "<group>";
		};
		049132221C80044900502A35 /* Products */ = {
			isa = PBXGroup;
			children = (
				049132211C80044900502A35 /* PlistTable.app */,
			);
			name = Products;
			sourceTree = "<group>";
		};
		049132231C80044900502A35 /* PlistTable */ = {
			isa = PBXGroup;
			children = (
				049132241C80044A00502A35 /* AppDelegate.swift */,
				049132391C80073D00502A35 /* detailViewController.swift */,
				049132261C80044A00502A35 /* ViewController.swift */,
				049132281C80044B00502A35 /* Main.storyboard */,
				0491322E1C80044B00502A35 /* Assets.xcassets */,
				049132301C80044B00502A35 /* LaunchScreen.storyboard */,
				049132331C80044B00502A35 /* Info.plist */,
				0491322B1C80044B00502A35 /* PlistTable.xcdatamodeld */,
				0491323B1C800C1700502A35 /* name.plist */,
				0491323D1C800C6F00502A35 /* name.swift */,
			);
			path = PlistTable;
			sourceTree = "<group>";
		};
/* End PBXGroup section */

/* Begin PBXNativeTarget section */
		049132201C80044900502A35 /* PlistTable */ = {
			isa = PBXNativeTarget;
			buildConfigurationList = 049132361C80044B00502A35 /* Build configuration list for PBXNativeTarget "PlistTable" */;
			buildPhases = (
				0491321D1C80044900502A35 /* Sources */,
				0491321E1C80044900502A35 /* Frameworks */,
				0491321F1C80044900502A35 /* Resources */,
			);
			buildRules = (
			);
			dependencies = (
			);
			name = PlistTable;
			productName = PlistTable;
			productReference = 049132211C80044900502A35 /* PlistTable.app */;
			productType = "com.apple.product-type.application";
		};
/* End PBXNativeTarget section */

/* Begin PBXProject section */
		049132191C80044800502A35 /* Project object */ = {
			isa = PBXProject;
			attributes = {
				LastSwiftUpdateCheck = 0720;
				LastUpgradeCheck = 0720;
				ORGANIZATIONNAME = "sean ryan";
				TargetAttributes = {
					049132201C80044900502A35 = {
						CreatedOnToolsVersion = 7.2.1;
					};
				};
			};
			buildConfigurationList = 0491321C1C80044800502A35 /* Build configuration list for PBXProject "PlistTable" */;
			compatibilityVersion = "Xcode 3.2";
			developmentRegion = English;
			hasScannedForEncodings = 0;
			knownRegions = (
				en,
				Base,
			);
			mainGroup = 049132181C80044800502A35;
			productRefGroup = 049132221C80044900502A35 /* Products */;
			projectDirPath = "";
			projectRoot = "";
			targets = (
				049132201C80044900502A35 /* PlistTable */,
			);
		};
/* End PBXProject section */

/* Begin PBXResourcesBuildPhase section */
		0491321F1C80044900502A35 /* Resources */ = {
			isa = PBXResourcesBuildPhase;
			buildActionMask = 2147483647;
			files = (
				049132321C80044B00502A35 /* LaunchScreen.storyboard in Resources */,
				0491323C1C800C1700502A35 /* name.plist in Resources */,
				0491322F1C80044B00502A35 /* Assets.xcassets in Resources */,
				0491322A1C80044B00502A35 /* Main.storyboard in Resources */,
			);
			runOnlyForDeploymentPostprocessing = 0;
		};
/* End PBXResourcesBuildPhase section */

/* Begin PBXSourcesBuildPhase section */
		0491321D1C80044900502A35 /* Sources */ = {
			isa = PBXSourcesBuildPhase;
			buildActionMask = 2147483647;
			files = (
				0491322D1C80044B00502A35 /* PlistTable.xcdatamodeld in Sources */,
				0491323E1C800C6F00502A35 /* name.swift in Sources */,
				049132271C80044A00502A35 /* ViewController.swift in Sources */,
				049132251C80044A00502A35 /* AppDelegate.swift in Sources */,
				0491323A1C80073D00502A35 /* detailViewController.swift in Sources */,
			);
			runOnlyForDeploymentPostprocessing = 0;
		};
/* End PBXSourcesBuildPhase section */

/* Begin PBXVariantGroup section */
		049132281C80044B00502A35 /* Main.storyboard */ = {
			isa = PBXVariantGroup;
			children = (
				049132291C80044B00502A35 /* Base */,
			);
			name = Main.storyboard;
			sourceTree = "<group>";
		};
		049132301C80044B00502A35 /* LaunchScreen.storyboard */ = {
			isa = PBXVariantGroup;
			children = (
				049132311C80044B00502A35 /* Base */,
			);
			name = LaunchScreen.storyboard;
			sourceTree = "<group>";
		};
/* End PBXVariantGroup section */

/* Begin XCBuildConfiguration section */
		049132341C80044B00502A35 /* Debug */ = {
			isa = XCBuildConfiguration;
			buildSettings = {
				ALWAYS_SEARCH_USER_PATHS = NO;
				CLANG_CXX_LANGUAGE_STANDARD = "gnu++0x";
				CLANG_CXX_LIBRARY = "libc++";
				CLANG_ENABLE_MODULES = YES;
				CLANG_ENABLE_OBJC_ARC = YES;
				CLANG_WARN_BOOL_CONVERSION = YES;
				CLANG_WARN_CONSTANT_CONVERSION = YES;
				CLANG_WARN_DIRECT_OBJC_ISA_USAGE = YES_ERROR;
				CLANG_WARN_EMPTY_BODY = YES;
				CLANG_WARN_ENUM_CONVERSION = YES;
				CLANG_WARN_INT_CONVERSION = YES;
				CLANG_WARN_OBJC_ROOT_CLASS = YES_ERROR;
				CLANG_WARN_UNREACHABLE_CODE = YES;
				CLANG_WARN__DUPLICATE_METHOD_MATCH = YES;
				"CODE_SIGN_IDENTITY[sdk=iphoneos*]" = "iPhone Developer";
				COPY_PHASE_STRIP = NO;
				DEBUG_INFORMATION_FORMAT = dwarf;
				ENABLE_STRICT_OBJC_MSGSEND = YES;
				ENABLE_TESTABILITY = YES;
				GCC_C_LANGUAGE_STANDARD = gnu99;
				GCC_DYNAMIC_NO_PIC = NO;
				GCC_NO_COMMON_BLOCKS = YES;
				GCC_OPTIMIZATION_LEVEL = 0;
				GCC_PREPROCESSOR_DEFINITIONS = (
					"DEBUG=1",
					"$(inherited)",
				);
				GCC_WARN_64_TO_32_BIT_CONVERSION = YES;
				GCC_WARN_ABOUT_RETURN_TYPE = YES_ERROR;
				GCC_WARN_UNDECLARED_SELECTOR = YES;
				GCC_WARN_UNINITIALIZED_AUTOS = YES_AGGRESSIVE;
				GCC_WARN_UNUSED_FUNCTION = YES;
				GCC_WARN_UNUSED_VARIABLE = YES;
				IPHONEOS_DEPLOYMENT_TARGET = 9.2;
				MTL_ENABLE_DEBUG_INFO = YES;
				ONLY_ACTIVE_ARCH = YES;
				SDKROOT = iphoneos;
				SWIFT_OPTIMIZATION_LEVEL = "-Onone";
			};
			name = Debug;
		};
		049132351C80044B00502A35 /* Release */ = {
			isa = XCBuildConfiguration;
			buildSettings = {
				ALWAYS_SEARCH_USER_PATHS = NO;
				CLANG_CXX_LANGUAGE_STANDARD = "gnu++0x";
				CLANG_CXX_LIBRARY = "libc++";
				CLANG_ENABLE_MODULES = YES;
				CLANG_ENABLE_OBJC_ARC = YES;
				CLANG_WARN_BOOL_CONVERSION = YES;
				CLANG_WARN_CONSTANT_CONVERSION = YES;
				CLANG_WARN_DIRECT_OBJC_ISA_USAGE = YES_ERROR;
				CLANG_WARN_EMPTY_BODY = YES;
				CLANG_WARN_ENUM_CONVERSION = YES;
				CLANG_WARN_INT_CONVERSION = YES;
				CLANG_WARN_OBJC_ROOT_CLASS = YES_ERROR;
				CLANG_WARN_UNREACHABLE_CODE = YES;
				CLANG_WARN__DUPLICATE_METHOD_MATCH = YES;
				"CODE_SIGN_IDENTITY[sdk=iphoneos*]" = "iPhone Developer";
				COPY_PHASE_STRIP = NO;
				DEBUG_INFORMATION_FORMAT = "dwarf-with-dsym";
				ENABLE_NS_ASSERTIONS = NO;
				ENABLE_STRICT_OBJC_MSGSEND = YES;
				GCC_C_LANGUAGE_STANDARD = gnu99;
				GCC_NO_COMMON_BLOCKS = YES;
				GCC_WARN_64_TO_32_BIT_CONVERSION = YES;
				GCC_WARN_ABOUT_RETURN_TYPE = YES_ERROR;
				GCC_WARN_UNDECLARED_SELECTOR = YES;
				GCC_WARN_UNINITIALIZED_AUTOS = YES_AGGRESSIVE;
				GCC_WARN_UNUSED_FUNCTION = YES;
				GCC_WARN_UNUSED_VARIABLE = YES;
				IPHONEOS_DEPLOYMENT_TARGET = 9.2;
				MTL_ENABLE_DEBUG_INFO = NO;
				SDKROOT = iphoneos;
				VALIDATE_PRODUCT = YES;
			};
			name = Release;
		};
		049132371C80044B00502A35 /* Debug */ = {
			isa = XCBuildConfiguration;
			buildSettings = {
				ASSETCATALOG_COMPILER_APPICON_NAME = AppIcon;
				INFOPLIST_FILE = PlistTable/Info.plist;
				LD_RUNPATH_SEARCH_PATHS = "$(inherited) @executable_path/Frameworks";
				PRODUCT_BUNDLE_IDENTIFIER = bigmen.PlistTable;
				PRODUCT_NAME = "$(TARGET_NAME)";
			};
			name = Debug;
		};
		049132381C80044B00502A35 /* Release */ = {
			isa = XCBuildConfiguration;
			buildSettings = {
				ASSETCATALOG_COMPILER_APPICON_NAME = AppIcon;
				INFOPLIST_FILE = PlistTable/Info.plist;
				LD_RUNPATH_SEARCH_PATHS = "$(inherited) @executable_path/Frameworks";
				PRODUCT_BUNDLE_IDENTIFIER = bigmen.PlistTable;
				PRODUCT_NAME = "$(TARGET_NAME)";
			};
			name = Release;
		};
/* End XCBuildConfiguration section */

/* Begin XCConfigurationList section */
		0491321C1C80044800502A35 /* Build configuration list for PBXProject "PlistTable" */ = {
			isa = XCConfigurationList;
			buildConfigurations = (
				049132341C80044B00502A35 /* Debug */,
				049132351C80044B00502A35 /* Release */,
			);
			defaultConfigurationIsVisible = 0;
			defaultConfigurationName = Release;
		};
		049132361C80044B00502A35 /* Build configuration list for PBXNativeTarget "PlistTable" */ = {
			isa = XCConfigurationList;
			buildConfigurations = (
				049132371C80044B00502A35 /* Debug */,
				049132381C80044B00502A35 /* Release */,
			);
			defaultConfigurationIsVisible = 0;
		};
/* End XCConfigurationList section */

/* Begin XCVersionGroup section */
		0491322B1C80044B00502A35 /* PlistTable.xcdatamodeld */ = {
			isa = XCVersionGroup;
			children = (
				0491322C1C80044B00502A35 /* PlistTable.xcdatamodel */,
			);
			currentVersion = 0491322C1C80044B00502A35 /* PlistTable.xcdatamodel */;
			path = PlistTable.xcdatamodeld;
			sourceTree = "<group>";
			versionGroupType = wrapper.xcdatamodel;
		};
/* End XCVersionGroup section */
	};
	rootObject = 049132191C80044800502A35 /* Project object */;
}
